
Microsoft Visual Studio Solution File, Format Version 12.00
# Visual Studio Version 16
VisualStudioVersion = 16.0.28803.202
MinimumVisualStudioVersion = 10.0.40219.1
Project("{2150E333-8FDC-42A3-9474-1A3956D46DE8}") = "00 In-memory data handling", "00 In-memory data handling", "{B3C1DE39-A52B-460C-A33B-5AA4CA942F1D}"
EndProject
Project("{2150E333-8FDC-42A3-9474-1A3956D46DE8}") = "01 Accessing datasources", "01 Accessing datasources", "{75C8E118-A5E2-4F3E-82AC-40988DF25129}"
EndProject
Project("{2150E333-8FDC-42A3-9474-1A3956D46DE8}") = "02 Data binding", "02 Data binding", "{F635AA4B-4FEB-4788-B585-2B1296CC2E12}"
EndProject
Project("{2150E333-8FDC-42A3-9474-1A3956D46DE8}") = "Solution Items", "Solution Items", "{78C2BFA1-3D67-4A67-9415-099E3E2CED51}"
	ProjectSection(SolutionItems) = preProject
		CSharp_DataAccess.html = CSharp_DataAccess.html
		Lessons.MDB = Lessons.MDB
		Lessons.mdf = Lessons.mdf
		Lessons_log.LDF = Lessons_log.LDF
	EndProjectSection
EndProject
Project("{FAE04EC0-301F-11D3-BF4B-00C04F79EFBC}") = "00-00 DataTable and DataColumn", "00-00 DataTable and DataColumn\00-00 DataTable and DataColumn.csproj", "{1716455A-48B5-4F3A-AF8C-DA1A939C2170}"
EndProject
Project("{FAE04EC0-301F-11D3-BF4B-00C04F79EFBC}") = "00-01 DataTable events", "00-01 DataTable events\00-01 DataTable events.csproj", "{5A5E2ACB-FA31-4292-99C1-B41ED9BA38E0}"
EndProject
Project("{FAE04EC0-301F-11D3-BF4B-00C04F79EFBC}") = "00-02 DataRow state", "00-02 DataRow state\00-02 DataRow state.csproj", "{554A9C46-0665-49D8-97F7-86DB11BE6EB3}"
EndProject
Project("{FAE04EC0-301F-11D3-BF4B-00C04F79EFBC}") = "00-03 DataColumn constraints", "00-03 DataColumn constraints\00-03 DataColumn constraints.csproj", "{6DE9B8B8-5860-426E-8B8B-B19496A8354A}"
EndProject
Project("{FAE04EC0-301F-11D3-BF4B-00C04F79EFBC}") = "00-04 PrimaryKey", "00-04 PrimaryKey\00-04 PrimaryKey.csproj", "{A628E3B7-1721-427C-BE96-AA46C39783EC}"
EndProject
Project("{FAE04EC0-301F-11D3-BF4B-00C04F79EFBC}") = "00-05 DefaultView", "00-05 DefaultView\00-05 DefaultView.csproj", "{4BBAFE84-38C6-4339-B946-31AD59090E29}"
EndProject
Project("{FAE04EC0-301F-11D3-BF4B-00C04F79EFBC}") = "00-06 DataSet", "00-06 DataSet\00-06 DataSet.csproj", "{2D7379F3-1E50-42EC-9353-A31CCA9C109E}"
EndProject
Project("{FAE04EC0-301F-11D3-BF4B-00C04F79EFBC}") = "00-00 Data Providers and DbConnection", "01-00 Data Providers and DbConnection\00-00 Data Providers and DbConnection.csproj", "{9C72C589-7C6D-4D6E-A80A-195D1045801D}"
EndProject
Project("{FAE04EC0-301F-11D3-BF4B-00C04F79EFBC}") = "01-01 DbDataAdapter", "01-01 DbDataAdapter\01-01 DbDataAdapter.csproj", "{1FC8F40A-0ADA-405A-9898-77EBF0353E40}"
EndProject
Project("{FAE04EC0-301F-11D3-BF4B-00C04F79EFBC}") = "01-02 DbCommand", "01-02 DbCommand\01-02 DbCommand.csproj", "{BFDABA54-F508-414F-92BE-EADF440C389A}"
EndProject
Project("{FAE04EC0-301F-11D3-BF4B-00C04F79EFBC}") = "01-03 DbDataAdapter Update method", "01-03 DbDataAdapter Update method\01-03 DbDataAdapter Update method.csproj", "{CACA1C74-0EEC-4A80-8B49-AF0D399B44AF}"
EndProject
Project("{FAE04EC0-301F-11D3-BF4B-00C04F79EFBC}") = "01-04 Parameterized commands", "01-04 Parameterized commands\01-04 Parameterized commands.csproj", "{B926E9F8-1BF1-48BA-B8D4-290CC84232A0}"
EndProject
Project("{FAE04EC0-301F-11D3-BF4B-00C04F79EFBC}") = "01-05 Executing DDL", "01-05 Executing DDL\01-05 Executing DDL.csproj", "{2AAE0603-08CC-4568-AA75-7C09F3408CE0}"
EndProject
Project("{FAE04EC0-301F-11D3-BF4B-00C04F79EFBC}") = "01-06 Reading and writing BLOB data", "01-06 Reading and writing BLOB data\01-06 Reading and writing BLOB data.csproj", "{0FBA7715-EEF2-4EF0-A248-B89CB1D9FB00}"
EndProject
Project("{FAE04EC0-301F-11D3-BF4B-00C04F79EFBC}") = "01-07 DbConnection GetSchema method", "01-07 DbConnection GetSchema method\01-07 DbConnection GetSchema method.csproj", "{9A77068B-53B6-4020-99EA-EB71564679C9}"
EndProject
Project("{FAE04EC0-301F-11D3-BF4B-00C04F79EFBC}") = "01-08 Typed datasets", "01-08 Typed datasets\01-08 Typed datasets.csproj", "{5E0E1B01-6756-4757-817F-EEF2DCA9AEAB}"
EndProject
Project("{FAE04EC0-301F-11D3-BF4B-00C04F79EFBC}") = "02-00 Windows Forms data binding", "02-00 Windows Forms data binding\02-00 Windows Forms data binding.csproj", "{133EBEA1-9AAC-4EDE-AF44-30A61FAF9F81}"
EndProject
Project("{FAE04EC0-301F-11D3-BF4B-00C04F79EFBC}") = "02-01 Complex binding", "02-01 Complex binding\02-01 Complex binding.csproj", "{6E2DF39B-E2D5-428F-8B70-C35F62189889}"
EndProject
Project("{FAE04EC0-301F-11D3-BF4B-00C04F79EFBC}") = "02-02 Binding Contexts and Managers", "02-02 Binding Contexts and Managers\02-02 Binding Contexts and Managers.csproj", "{7ADD0A2F-0A48-4E72-BE48-E21E0E8906DF}"
EndProject
Project("{FAE04EC0-301F-11D3-BF4B-00C04F79EFBC}") = "02-03 BindingSource", "02-03 BindingSource\02-03 BindingSource.csproj", "{AAA2CFC9-8FF3-4751-93BE-25CAB37DF067}"
EndProject
Project("{FAE04EC0-301F-11D3-BF4B-00C04F79EFBC}") = "02-04 BindingSource AddNew method", "02-04 BindingSource AddNew method\02-04 BindingSource AddNew method.csproj", "{B5729735-D7AB-41D5-A7D5-4E76790B6F64}"
EndProject
Project("{FAE04EC0-301F-11D3-BF4B-00C04F79EFBC}") = "02-05 BindingSource master-detail", "02-05 BindingSource master-detail\02-05 BindingSource master-detail.csproj", "{0CA81F6F-C5C5-49AB-9A96-04E775E12446}"
EndProject
Project("{FAE04EC0-301F-11D3-BF4B-00C04F79EFBC}") = "02-06 Lookup ComboBox and ListBox", "02-06 Lookup ComboBox and ListBox\02-06 Lookup ComboBox and ListBox.csproj", "{BE211AAE-C435-41B9-BA48-3FBD0F736826}"
EndProject
Project("{FAE04EC0-301F-11D3-BF4B-00C04F79EFBC}") = "02-07 DataGridView", "02-07 DataGridView\02-07 DataGridView.csproj", "{EB0195B3-0820-498A-A052-A38974257B7E}"
EndProject
Project("{FAE04EC0-301F-11D3-BF4B-00C04F79EFBC}") = "02-08 DataGrid", "02-08 DataGrid\02-08 DataGrid.csproj", "{207EBF47-E5F6-420C-AA94-D3338481891D}"
EndProject
Project("{FAE04EC0-301F-11D3-BF4B-00C04F79EFBC}") = "LessonsLib", "LessonsLib\LessonsLib.csproj", "{3796E9C4-7400-4F0C-966F-ED30C9DC68D4}"
EndProject
Global
	GlobalSection(SolutionConfigurationPlatforms) = preSolution
		Debug|Any CPU = Debug|Any CPU
		Release|Any CPU = Release|Any CPU
	EndGlobalSection
	GlobalSection(ProjectConfigurationPlatforms) = postSolution
		{1716455A-48B5-4F3A-AF8C-DA1A939C2170}.Debug|Any CPU.ActiveCfg = Debug|Any CPU
		{1716455A-48B5-4F3A-AF8C-DA1A939C2170}.Debug|Any CPU.Build.0 = Debug|Any CPU
		{1716455A-48B5-4F3A-AF8C-DA1A939C2170}.Release|Any CPU.ActiveCfg = Release|Any CPU
		{1716455A-48B5-4F3A-AF8C-DA1A939C2170}.Release|Any CPU.Build.0 = Release|Any CPU
		{5A5E2ACB-FA31-4292-99C1-B41ED9BA38E0}.Debug|Any CPU.ActiveCfg = Debug|Any CPU
		{5A5E2ACB-FA31-4292-99C1-B41ED9BA38E0}.Debug|Any CPU.Build.0 = Debug|Any CPU
		{5A5E2ACB-FA31-4292-99C1-B41ED9BA38E0}.Release|Any CPU.ActiveCfg = Release|Any CPU
		{5A5E2ACB-FA31-4292-99C1-B41ED9BA38E0}.Release|Any CPU.Build.0 = Release|Any CPU
		{554A9C46-0665-49D8-97F7-86DB11BE6EB3}.Debug|Any CPU.ActiveCfg = Debug|Any CPU
		{554A9C46-0665-49D8-97F7-86DB11BE6EB3}.Debug|Any CPU.Build.0 = Debug|Any CPU
		{554A9C46-0665-49D8-97F7-86DB11BE6EB3}.Release|Any CPU.ActiveCfg = Release|Any CPU
		{554A9C46-0665-49D8-97F7-86DB11BE6EB3}.Release|Any CPU.Build.0 = Release|Any CPU
		{6DE9B8B8-5860-426E-8B8B-B19496A8354A}.Debug|Any CPU.ActiveCfg = Debug|Any CPU
		{6DE9B8B8-5860-426E-8B8B-B19496A8354A}.Debug|Any CPU.Build.0 = Debug|Any CPU
		{6DE9B8B8-5860-426E-8B8B-B19496A8354A}.Release|Any CPU.ActiveCfg = Release|Any CPU
		{6DE9B8B8-5860-426E-8B8B-B19496A8354A}.Release|Any CPU.Build.0 = Release|Any CPU
		{A628E3B7-1721-427C-BE96-AA46C39783EC}.Debug|Any CPU.ActiveCfg = Debug|Any CPU
		{A628E3B7-1721-427C-BE96-AA46C39783EC}.Debug|Any CPU.Build.0 = Debug|Any CPU
		{A628E3B7-1721-427C-BE96-AA46C39783EC}.Release|Any CPU.ActiveCfg = Release|Any CPU
		{A628E3B7-1721-427C-BE96-AA46C39783EC}.Release|Any CPU.Build.0 = Release|Any CPU
		{4BBAFE84-38C6-4339-B946-31AD59090E29}.Debug|Any CPU.ActiveCfg = Debug|Any CPU
		{4BBAFE84-38C6-4339-B946-31AD59090E29}.Debug|Any CPU.Build.0 = Debug|Any CPU
		{4BBAFE84-38C6-4339-B946-31AD59090E29}.Release|Any CPU.ActiveCfg = Release|Any CPU
		{4BBAFE84-38C6-4339-B946-31AD59090E29}.Release|Any CPU.Build.0 = Release|Any CPU
		{2D7379F3-1E50-42EC-9353-A31CCA9C109E}.Debug|Any CPU.ActiveCfg = Debug|Any CPU
		{2D7379F3-1E50-42EC-9353-A31CCA9C109E}.Debug|Any CPU.Build.0 = Debug|Any CPU
		{2D7379F3-1E50-42EC-9353-A31CCA9C109E}.Release|Any CPU.ActiveCfg = Release|Any CPU
		{2D7379F3-1E50-42EC-9353-A31CCA9C109E}.Release|Any CPU.Build.0 = Release|Any CPU
		{9C72C589-7C6D-4D6E-A80A-195D1045801D}.Debug|Any CPU.ActiveCfg = Debug|Any CPU
		{9C72C589-7C6D-4D6E-A80A-195D1045801D}.Debug|Any CPU.Build.0 = Debug|Any CPU
		{9C72C589-7C6D-4D6E-A80A-195D1045801D}.Release|Any CPU.ActiveCfg = Release|Any CPU
		{9C72C589-7C6D-4D6E-A80A-195D1045801D}.Release|Any CPU.Build.0 = Release|Any CPU
		{1FC8F40A-0ADA-405A-9898-77EBF0353E40}.Debug|Any CPU.ActiveCfg = Debug|Any CPU
		{1FC8F40A-0ADA-405A-9898-77EBF0353E40}.Debug|Any CPU.Build.0 = Debug|Any CPU
		{1FC8F40A-0ADA-405A-9898-77EBF0353E40}.Release|Any CPU.ActiveCfg = Release|Any CPU
		{1FC8F40A-0ADA-405A-9898-77EBF0353E40}.Release|Any CPU.Build.0 = Release|Any CPU
		{BFDABA54-F508-414F-92BE-EADF440C389A}.Debug|Any CPU.ActiveCfg = Debug|Any CPU
		{BFDABA54-F508-414F-92BE-EADF440C389A}.Debug|Any CPU.Build.0 = Debug|Any CPU
		{BFDABA54-F508-414F-92BE-EADF440C389A}.Release|Any CPU.ActiveCfg = Release|Any CPU
		{BFDABA54-F508-414F-92BE-EADF440C389A}.Release|Any CPU.Build.0 = Release|Any CPU
		{CACA1C74-0EEC-4A80-8B49-AF0D399B44AF}.Debug|Any CPU.ActiveCfg = Debug|Any CPU
		{CACA1C74-0EEC-4A80-8B49-AF0D399B44AF}.Debug|Any CPU.Build.0 = Debug|Any CPU
		{CACA1C74-0EEC-4A80-8B49-AF0D399B44AF}.Release|Any CPU.ActiveCfg = Release|Any CPU
		{CACA1C74-0EEC-4A80-8B49-AF0D399B44AF}.Release|Any CPU.Build.0 = Release|Any CPU
		{B926E9F8-1BF1-48BA-B8D4-290CC84232A0}.Debug|Any CPU.ActiveCfg = Debug|Any CPU
		{B926E9F8-1BF1-48BA-B8D4-290CC84232A0}.Debug|Any CPU.Build.0 = Debug|Any CPU
		{B926E9F8-1BF1-48BA-B8D4-290CC84232A0}.Release|Any CPU.ActiveCfg = Release|Any CPU
		{B926E9F8-1BF1-48BA-B8D4-290CC84232A0}.Release|Any CPU.Build.0 = Release|Any CPU
		{2AAE0603-08CC-4568-AA75-7C09F3408CE0}.Debug|Any CPU.ActiveCfg = Debug|Any CPU
		{2AAE0603-08CC-4568-AA75-7C09F3408CE0}.Debug|Any CPU.Build.0 = Debug|Any CPU
		{2AAE0603-08CC-4568-AA75-7C09F3408CE0}.Release|Any CPU.ActiveCfg = Release|Any CPU
		{2AAE0603-08CC-4568-AA75-7C09F3408CE0}.Release|Any CPU.Build.0 = Release|Any CPU
		{0FBA7715-EEF2-4EF0-A248-B89CB1D9FB00}.Debug|Any CPU.ActiveCfg = Debug|Any CPU
		{0FBA7715-EEF2-4EF0-A248-B89CB1D9FB00}.Debug|Any CPU.Build.0 = Debug|Any CPU
		{0FBA7715-EEF2-4EF0-A248-B89CB1D9FB00}.Release|Any CPU.ActiveCfg = Release|Any CPU
		{0FBA7715-EEF2-4EF0-A248-B89CB1D9FB00}.Release|Any CPU.Build.0 = Release|Any CPU
		{9A77068B-53B6-4020-99EA-EB71564679C9}.Debug|Any CPU.ActiveCfg = Debug|Any CPU
		{9A77068B-53B6-4020-99EA-EB71564679C9}.Debug|Any CPU.Build.0 = Debug|Any CPU
		{9A77068B-53B6-4020-99EA-EB71564679C9}.Release|Any CPU.ActiveCfg = Release|Any CPU
		{9A77068B-53B6-4020-99EA-EB71564679C9}.Release|Any CPU.Build.0 = Release|Any CPU
		{5E0E1B01-6756-4757-817F-EEF2DCA9AEAB}.Debug|Any CPU.ActiveCfg = Debug|Any CPU
		{5E0E1B01-6756-4757-817F-EEF2DCA9AEAB}.Debug|Any CPU.Build.0 = Debug|Any CPU
		{5E0E1B01-6756-4757-817F-EEF2DCA9AEAB}.Release|Any CPU.ActiveCfg = Release|Any CPU
		{5E0E1B01-6756-4757-817F-EEF2DCA9AEAB}.Release|Any CPU.Build.0 = Release|Any CPU
		{133EBEA1-9AAC-4EDE-AF44-30A61FAF9F81}.Debug|Any CPU.ActiveCfg = Debug|Any CPU
		{133EBEA1-9AAC-4EDE-AF44-30A61FAF9F81}.Debug|Any CPU.Build.0 = Debug|Any CPU
		{133EBEA1-9AAC-4EDE-AF44-30A61FAF9F81}.Release|Any CPU.ActiveCfg = Release|Any CPU
		{133EBEA1-9AAC-4EDE-AF44-30A61FAF9F81}.Release|Any CPU.Build.0 = Release|Any CPU
		{6E2DF39B-E2D5-428F-8B70-C35F62189889}.Debug|Any CPU.ActiveCfg = Debug|Any CPU
		{6E2DF39B-E2D5-428F-8B70-C35F62189889}.Debug|Any CPU.Build.0 = Debug|Any CPU
		{6E2DF39B-E2D5-428F-8B70-C35F62189889}.Release|Any CPU.ActiveCfg = Release|Any CPU
		{6E2DF39B-E2D5-428F-8B70-C35F62189889}.Release|Any CPU.Build.0 = Release|Any CPU
		{7ADD0A2F-0A48-4E72-BE48-E21E0E8906DF}.Debug|Any CPU.ActiveCfg = Debug|Any CPU
		{7ADD0A2F-0A48-4E72-BE48-E21E0E8906DF}.Debug|Any CPU.Build.0 = Debug|Any CPU
		{7ADD0A2F-0A48-4E72-BE48-E21E0E8906DF}.Release|Any CPU.ActiveCfg = Release|Any CPU
		{7ADD0A2F-0A48-4E72-BE48-E21E0E8906DF}.Release|Any CPU.Build.0 = Release|Any CPU
		{AAA2CFC9-8FF3-4751-93BE-25CAB37DF067}.Debug|Any CPU.ActiveCfg = Debug|Any CPU
		{AAA2CFC9-8FF3-4751-93BE-25CAB37DF067}.Debug|Any CPU.Build.0 = Debug|Any CPU
		{AAA2CFC9-8FF3-4751-93BE-25CAB37DF067}.Release|Any CPU.ActiveCfg = Release|Any CPU
		{AAA2CFC9-8FF3-4751-93BE-25CAB37DF067}.Release|Any CPU.Build.0 = Release|Any CPU
		{B5729735-D7AB-41D5-A7D5-4E76790B6F64}.Debug|Any CPU.ActiveCfg = Debug|Any CPU
		{B5729735-D7AB-41D5-A7D5-4E76790B6F64}.Debug|Any CPU.Build.0 = Debug|Any CPU
		{B5729735-D7AB-41D5-A7D5-4E76790B6F64}.Release|Any CPU.ActiveCfg = Release|Any CPU
		{B5729735-D7AB-41D5-A7D5-4E76790B6F64}.Release|Any CPU.Build.0 = Release|Any CPU
		{0CA81F6F-C5C5-49AB-9A96-04E775E12446}.Debug|Any CPU.ActiveCfg = Debug|Any CPU
		{0CA81F6F-C5C5-49AB-9A96-04E775E12446}.Debug|Any CPU.Build.0 = Debug|Any CPU
		{0CA81F6F-C5C5-49AB-9A96-04E775E12446}.Release|Any CPU.ActiveCfg = Release|Any CPU
		{0CA81F6F-C5C5-49AB-9A96-04E775E12446}.Release|Any CPU.Build.0 = Release|Any CPU
		{BE211AAE-C435-41B9-BA48-3FBD0F736826}.Debug|Any CPU.ActiveCfg = Debug|Any CPU
		{BE211AAE-C435-41B9-BA48-3FBD0F736826}.Debug|Any CPU.Build.0 = Debug|Any CPU
		{BE211AAE-C435-41B9-BA48-3FBD0F736826}.Release|Any CPU.ActiveCfg = Release|Any CPU
		{BE211AAE-C435-41B9-BA48-3FBD0F736826}.Release|Any CPU.Build.0 = Release|Any CPU
		{EB0195B3-0820-498A-A052-A38974257B7E}.Debug|Any CPU.ActiveCfg = Debug|Any CPU
		{EB0195B3-0820-498A-A052-A38974257B7E}.Debug|Any CPU.Build.0 = Debug|Any CPU
		{EB0195B3-0820-498A-A052-A38974257B7E}.Release|Any CPU.ActiveCfg = Release|Any CPU
		{EB0195B3-0820-498A-A052-A38974257B7E}.Release|Any CPU.Build.0 = Release|Any CPU
		{207EBF47-E5F6-420C-AA94-D3338481891D}.Debug|Any CPU.ActiveCfg = Debug|Any CPU
		{207EBF47-E5F6-420C-AA94-D3338481891D}.Debug|Any CPU.Build.0 = Debug|Any CPU
		{207EBF47-E5F6-420C-AA94-D3338481891D}.Release|Any CPU.ActiveCfg = Release|Any CPU
		{207EBF47-E5F6-420C-AA94-D3338481891D}.Release|Any CPU.Build.0 = Release|Any CPU
		{3796E9C4-7400-4F0C-966F-ED30C9DC68D4}.Debug|Any CPU.ActiveCfg = Debug|Any CPU
		{3796E9C4-7400-4F0C-966F-ED30C9DC68D4}.Debug|Any CPU.Build.0 = Debug|Any CPU
		{3796E9C4-7400-4F0C-966F-ED30C9DC68D4}.Release|Any CPU.ActiveCfg = Release|Any CPU
		{3796E9C4-7400-4F0C-966F-ED30C9DC68D4}.Release|Any CPU.Build.0 = Release|Any CPU
	EndGlobalSection
	GlobalSection(SolutionProperties) = preSolution
		HideSolutionNode = FALSE
	EndGlobalSection
	GlobalSection(NestedProjects) = preSolution
		{1716455A-48B5-4F3A-AF8C-DA1A939C2170} = {B3C1DE39-A52B-460C-A33B-5AA4CA942F1D}
		{5A5E2ACB-FA31-4292-99C1-B41ED9BA38E0} = {B3C1DE39-A52B-460C-A33B-5AA4CA942F1D}
		{554A9C46-0665-49D8-97F7-86DB11BE6EB3} = {B3C1DE39-A52B-460C-A33B-5AA4CA942F1D}
		{6DE9B8B8-5860-426E-8B8B-B19496A8354A} = {B3C1DE39-A52B-460C-A33B-5AA4CA942F1D}
		{A628E3B7-1721-427C-BE96-AA46C39783EC} = {B3C1DE39-A52B-460C-A33B-5AA4CA942F1D}
		{4BBAFE84-38C6-4339-B946-31AD59090E29} = {B3C1DE39-A52B-460C-A33B-5AA4CA942F1D}
		{2D7379F3-1E50-42EC-9353-A31CCA9C109E} = {B3C1DE39-A52B-460C-A33B-5AA4CA942F1D}
		{9C72C589-7C6D-4D6E-A80A-195D1045801D} = {75C8E118-A5E2-4F3E-82AC-40988DF25129}
		{1FC8F40A-0ADA-405A-9898-77EBF0353E40} = {75C8E118-A5E2-4F3E-82AC-40988DF25129}
		{BFDABA54-F508-414F-92BE-EADF440C389A} = {75C8E118-A5E2-4F3E-82AC-40988DF25129}
		{CACA1C74-0EEC-4A80-8B49-AF0D399B44AF} = {75C8E118-A5E2-4F3E-82AC-40988DF25129}
		{B926E9F8-1BF1-48BA-B8D4-290CC84232A0} = {75C8E118-A5E2-4F3E-82AC-40988DF25129}
		{2AAE0603-08CC-4568-AA75-7C09F3408CE0} = {75C8E118-A5E2-4F3E-82AC-40988DF25129}
		{0FBA7715-EEF2-4EF0-A248-B89CB1D9FB00} = {75C8E118-A5E2-4F3E-82AC-40988DF25129}
		{9A77068B-53B6-4020-99EA-EB71564679C9} = {75C8E118-A5E2-4F3E-82AC-40988DF25129}
		{5E0E1B01-6756-4757-817F-EEF2DCA9AEAB} = {75C8E118-A5E2-4F3E-82AC-40988DF25129}
		{133EBEA1-9AAC-4EDE-AF44-30A61FAF9F81} = {F635AA4B-4FEB-4788-B585-2B1296CC2E12}
		{6E2DF39B-E2D5-428F-8B70-C35F62189889} = {F635AA4B-4FEB-4788-B585-2B1296CC2E12}
		{7ADD0A2F-0A48-4E72-BE48-E21E0E8906DF} = {F635AA4B-4FEB-4788-B585-2B1296CC2E12}
		{AAA2CFC9-8FF3-4751-93BE-25CAB37DF067} = {F635AA4B-4FEB-4788-B585-2B1296CC2E12}
		{B5729735-D7AB-41D5-A7D5-4E76790B6F64} = {F635AA4B-4FEB-4788-B585-2B1296CC2E12}
		{0CA81F6F-C5C5-49AB-9A96-04E775E12446} = {F635AA4B-4FEB-4788-B585-2B1296CC2E12}
		{BE211AAE-C435-41B9-BA48-3FBD0F736826} = {F635AA4B-4FEB-4788-B585-2B1296CC2E12}
		{EB0195B3-0820-498A-A052-A38974257B7E} = {F635AA4B-4FEB-4788-B585-2B1296CC2E12}
		{207EBF47-E5F6-420C-AA94-D3338481891D} = {F635AA4B-4FEB-4788-B585-2B1296CC2E12}
	EndGlobalSection
	GlobalSection(ExtensibilityGlobals) = postSolution
		SolutionGuid = {B703E6F0-D64F-401F-B7AE-804F045C3EEC}
	EndGlobalSection
EndGlobal
